
Microsoft Visual Studio Solution File, Format Version 12.00
# Visual Studio Version 17
VisualStudioVersion = 17.13.35931.197 d17.13
MinimumVisualStudioVersion = 10.0.40219.1
Project("{FAE04EC0-301F-11D3-BF4B-00C04F79EFBC}") = "NguyenManhDuc.WebApp", "NguyenManhDuc.WebApp\NguyenManhDuc.WebApp.csproj", "{930BDEBF-16BD-4B3A-97BE-8B9272EFC668}"
EndProject
Global
	GlobalSection(SolutionConfigurationPlatforms) = preSolution
		Debug|Any CPU = Debug|Any CPU
		Release|Any CPU = Release|Any CPU
	EndGlobalSection
	GlobalSection(ProjectConfigurationPlatforms) = postSolution
		{930BDEBF-16BD-4B3A-97BE-8B9272EFC668}.Debug|Any CPU.ActiveCfg = Debug|Any CPU
		{930BDEBF-16BD-4B3A-97BE-8B9272EFC668}.Debug|Any CPU.Build.0 = Debug|Any CPU
		{930BDEBF-16BD-4B3A-97BE-8B9272EFC668}.Release|Any CPU.ActiveCfg = Release|Any CPU
		{930BDEBF-16BD-4B3A-97BE-8B9272EFC668}.Release|Any CPU.Build.0 = Release|Any CPU
	EndGlobalSection
	GlobalSection(SolutionProperties) = preSolution
		HideSolutionNode = FALSE
	EndGlobalSection
	GlobalSection(ExtensibilityGlobals) = postSolution
		SolutionGuid = {4DBF68F6-D89D-4E08-9D6F-328B2E7A8D29}
	EndGlobalSection
EndGlobal
